{
  "name": "doctorsgate-angular-eng-test",
  "version": "0.0.0",
  "lockfileVersion": 1,
  "requires": true,
  "dependencies": {
    "@angular-devkit/architect": {
      "version": "0.900.4",
      "resolved": "https://registry.npmjs.org/@angular-devkit/architect/-/architect-0.900.4.tgz",
      "integrity": "sha512-qbD7q+5lKgxpA+hGPfBLQRZukNO1Ok4YePevi7xt6pdfNatIqjxqYch7w/Ce0GvrOeimzSR1yC7STV5gjdoL3A==",
      "dev": true,
      "requires": {
        "@angular-devkit/core": "9.0.4",
        "rxjs": "6.5.3"
      },
      "dependencies": {
        "rxjs": {
          "version": "6.5.3",
          "resolved": "https://registry.npmjs.org/rxjs/-/rxjs-6.5.3.tgz",
          "integrity": "sha512-wuYsAYYFdWTAnAaPoKGNhfpWwKZbJW+HgAJ+mImp+Epl7BG8oNWBCTyRM8gba9k4lk8BgWdoYm21Mo/RYhhbgA==",
          "dev": true,
          "requires": {
            "tslib": "^1.9.0"
          }
        }
      }
    },
    "@angular-devkit/build-angular": {
      "version": "0.900.4",
      "resolved": "https://registry.npmjs.org/@angular-devkit/build-angular/-/build-angular-0.900.4.tgz",
      "integrity": "sha512-azv4/duUFMPIgpWuKeQvx+8fb5qUZes4EauBfzYGbZcF0ljN0xjnpQF5kIuDA5FcCTA+JUKfanocR0EXa0klXQ==",
      "dev": true,
      "requires": {
        "@angular-devkit/architect": "0.900.4",
        "@angular-devkit/build-optimizer": "0.900.4",
        "@angular-devkit/build-webpack": "0.900.4",
        "@angular-devkit/core": "9.0.4",
        "@babel/core": "7.7.7",
        "@babel/generator": "7.7.7",
        "@babel/preset-env": "7.7.7",
        "@ngtools/webpack": "9.0.4",
        "ajv": "6.10.2",
        "autoprefixer": "9.7.1",
        "babel-loader": "8.0.6",
        "browserslist": "4.8.3",
        "cacache": "13.0.1",
        "caniuse-lite": "1.0.30001020",
        "circular-dependency-plugin": "5.2.0",
        "copy-webpack-plugin": "5.1.1",
        "core-js": "3.6.4",
        "coverage-istanbul-loader": "2.0.3",
        "cssnano": "4.1.10",
        "file-loader": "4.2.0",
        "find-cache-dir": "3.0.0",
        "glob": "7.1.5",
        "jest-worker": "24.9.0",
        "karma-source-map-support": "1.4.0",
        "less": "3.10.3",
        "less-loader": "5.0.0",
        "license-webpack-plugin": "2.1.3",
        "loader-utils": "1.2.3",
        "magic-string": "0.25.4",
        "mini-css-extract-plugin": "0.8.0",
        "minimatch": "3.0.4",
        "open": "7.0.0",
        "parse5": "4.0.0",
        "postcss": "7.0.21",
        "postcss-import": "12.0.1",
        "postcss-loader": "3.0.0",
        "raw-loader": "3.1.0",
        "regenerator-runtime": "0.13.3",
        "rimraf": "3.0.0",
        "rollup": "1.25.2",
        "rxjs": "6.5.3",
        "sass": "1.23.3",
        "sass-loader": "8.0.0",
        "semver": "6.3.0",
        "source-map": "0.7.3",
        "source-map-loader": "0.2.4",
        "source-map-support": "0.5.16",
        "speed-measure-webpack-plugin": "1.3.1",
        "style-loader": "1.0.0",
        "stylus": "0.54.7",
        "stylus-loader": "3.0.2",
        "terser": "4.5.1",
        "terser-webpack-plugin": "2.3.3",
        "tree-kill": "1.2.2",
        "webpack": "4.41.2",
        "webpack-dev-middleware": "3.7.2",
        "webpack-dev-server": "3.9.0",
        "webpack-merge": "4.2.2",
        "webpack-sources": "1.4.3",
        "webpack-subresource-integrity": "1.3.4",
        "worker-plugin": "3.2.0"
      },
      "dependencies": {
        "@babel/generator": {
          "version": "7.7.7",
          "resolved": "https://registry.npmjs.org/@babel/generator/-/generator-7.7.7.tgz",
          "integrity": "sha512-/AOIBpHh/JU1l0ZFS4kiRCBnLi6OTHzh0RPk3h9isBxkkqELtQNFi1Vr/tiG9p1yfoUdKVwISuXWQR+hwwM4VQ==",
          "dev": true,
          "requires": {
            "@babel/types": "^7.7.4",
            "jsesc": "^2.5.1",
            "lodash": "^4.17.13",
            "source-map": "^0.5.0"
          },
          "dependencies": {
            "source-map": {
              "version": "0.5.7",
              "resolved": "https://registry.npmjs.org/source-map/-/source-map-0.5.7.tgz",
              "integrity": "sha1-igOdLRAh0i0eoUyA2OpGi6LvP8w=",
              "dev": true
            }
          }
        },
        "@babel/types": {
          "version": "7.8.6",
          "resolved": "https://registry.npmjs.org/@babel/types/-/types-7.8.6.tgz",
          "integrity": "sha512-wqz7pgWMIrht3gquyEFPVXeXCti72Rm8ep9b5tQKz9Yg9LzJA3HxosF1SB3Kc81KD1A3XBkkVYtJvCKS2Z/QrA==",
          "dev": true,
          "requires": {
            "esutils": "^2.0.2",
            "lodash": "^4.17.13",
            "to-fast-properties": "^2.0.0"
          }
        },
        "core-js": {
          "version": "3.6.4",
          "resolved": "https://registry.npmjs.org/core-js/-/core-js-3.6.4.tgz",
          "integrity": "sha512-4paDGScNgZP2IXXilaffL9X7968RuvwlkK3xWtZRVqgd8SYNiVKRJvkFd1aqqEuPfN7E68ZHEp9hDj6lHj4Hyw==",
          "dev": true
        },
        "glob": {
          "version": "7.1.5",
          "resolved": "https://registry.npmjs.org/glob/-/glob-7.1.5.tgz",
          "integrity": "sha512-J9dlskqUXK1OeTOYBEn5s8aMukWMwWfs+rPTn/jn50Ux4MNXVhubL1wu/j2t+H4NVI+cXEcCaYellqaPVGXNqQ==",
          "dev": true,
          "requires": {
            "fs.realpath": "^1.0.0",
            "inflight": "^1.0.4",
            "inherits": "2",
            "minimatch": "^3.0.4",
            "once": "^1.3.0",
            "path-is-absolute": "^1.0.0"
          }
        },
        "lodash": {
          "version": "4.17.15",
          "resolved": "https://registry.npmjs.org/lodash/-/lodash-4.17.15.tgz",
          "integrity": "sha512-8xOcRHvCjnocdS5cpwXQXVzmmh5e5+saE2QGoeQmbKmRS6J3VQppPOIt0MnmE+4xlZoumy0GPG0D0MVIQbNA1A==",
          "dev": true
        },
        "rimraf": {
          "version": "3.0.0",
          "resolved": "https://registry.npmjs.org/rimraf/-/rimraf-3.0.0.tgz",
          "integrity": "sha512-NDGVxTsjqfunkds7CqsOiEnxln4Bo7Nddl3XhS4pXg5OzwkLqJ971ZVAAnB+DDLnF76N+VnDEiBHaVV8I06SUg==",
          "dev": true,
          "requires": {
            "glob": "^7.1.3"
          }
        },
        "rxjs": {
          "version": "6.5.3",
          "resolved": "https://registry.npmjs.org/rxjs/-/rxjs-6.5.3.tgz",
          "integrity": "sha512-wuYsAYYFdWTAnAaPoKGNhfpWwKZbJW+HgAJ+mImp+Epl7BG8oNWBCTyRM8gba9k4lk8BgWdoYm21Mo/RYhhbgA==",
          "dev": true,
          "requires": {
            "tslib": "^1.9.0"
          }
        },
        "semver": {
          "version": "6.3.0",
          "resolved": "https://registry.npmjs.org/semver/-/semver-6.3.0.tgz",
          "integrity": "sha512-b39TBaTSfV6yBrapU89p5fKekE2m/NwnDocOVruQFS1/veMgdzuPcnOM34M6CwxW8jH/lxEa5rBoDeUwu5HHTw==",
          "dev": true
        },
        "source-map": {
          "version": "0.7.3",
          "resolved": "https://registry.npmjs.org/source-map/-/source-map-0.7.3.tgz",
          "integrity": "sha512-CkCj6giN3S+n9qrYiBTX5gystlENnRW5jZeNLHpe6aue+SrHcG5VYwujhW9s4dY31mEGsxBDrHR6oI69fTXsaQ==",
          "dev": true
        },
        "source-map-support": {
          "version": "0.5.16",
          "resolved": "https://registry.npmjs.org/source-map-support/-/source-map-support-0.5.16.tgz",
          "integrity": "sha512-efyLRJDr68D9hBBNIPWFjhpFzURh+KJykQwvMyW5UiZzYwoF6l4YMMDIJJEyFWxWCqfyxLzz6tSfUFR+kXXsVQ==",
          "dev": true,
          "requires": {
            "buffer-from": "^1.0.0",
            "source-map": "^0.6.0"
          },
          "dependencies": {
            "source-map": {
              "version": "0.6.1",
              "resolved": "https://registry.npmjs.org/source-map/-/source-map-0.6.1.tgz",
              "integrity": "sha512-UjgapumWlbMhkBgzT7Ykc5YXUT46F0iKu8SGXq0bcwP5dz/h0Plj6enJqjz1Zbq2l5WaqYnrVbwWOWMyF3F47g==",
              "dev": true
            }
          }
        }
      }
    },
    "@angular-devkit/build-optimizer": {
      "version": "0.900.4",
      "resolved": "https://registry.npmjs.org/@angular-devkit/build-optimizer/-/build-optimizer-0.900.4.tgz",
      "integrity": "sha512-GimgBezfUpEmpAqmhTC6bFTmyYtGycK7meJPrrfiAU8cvtUJOaHFt7AwcbFBS8ORdOeSHbOCrIVy9CAQwA3nXw==",
      "dev": true,
      "requires": {
        "loader-utils": "1.2.3",
        "source-map": "0.7.3",
        "tslib": "1.10.0",
        "typescript": "3.6.4",
        "webpack-sources": "1.4.3"
      },
      "dependencies": {
        "source-map": {
          "version": "0.7.3",
          "resolved": "https://registry.npmjs.org/source-map/-/source-map-0.7.3.tgz",
          "integrity": "sha512-CkCj6giN3S+n9qrYiBTX5gystlENnRW5jZeNLHpe6aue+SrHcG5VYwujhW9s4dY31mEGsxBDrHR6oI69fTXsaQ==",
          "dev": true
        },
        "tslib": {
          "version": "1.10.0",
          "resolved": "https://registry.npmjs.org/tslib/-/tslib-1.10.0.tgz",
          "integrity": "sha512-qOebF53frne81cf0S9B41ByenJ3/IuH8yJKngAX35CmiZySA0khhkovshKK+jGCaMnVomla7gVlIcc3EvKPbTQ==",
          "dev": true
        },
        "typescript": {
          "version": "3.6.4",
          "resolved": "https://registry.npmjs.org/typescript/-/typescript-3.6.4.tgz",
          "integrity": "sha512-unoCll1+l+YK4i4F8f22TaNVPRHcD9PA3yCuZ8g5e0qGqlVlJ/8FSateOLLSagn+Yg5+ZwuPkL8LFUc0Jcvksg==",
          "dev": true
        }
      }
    },
    "@angular-devkit/build-webpack": {
      "version": "0.900.4",
      "resolved": "https://registry.npmjs.org/@angular-devkit/build-webpack/-/build-webpack-0.900.4.tgz",
      "integrity": "sha512-eGWK7jl1XC6OW2LRmUoX/6yqYT6N2dF1BuBrymwRx9I3BzWr64YyDIy5m3GomQVrSWpQ1uDSCpuPX2xWlwpeLw==",
      "dev": true,
      "requires": {
        "@angular-devkit/architect": "0.900.4",
        "@angular-devkit/core": "9.0.4",
        "rxjs": "6.5.3"
      },
      "dependencies": {
        "rxjs": {
          "version": "6.5.3",
          "resolved": "https://registry.npmjs.org/rxjs/-/rxjs-6.5.3.tgz",
          "integrity": "sha512-wuYsAYYFdWTAnAaPoKGNhfpWwKZbJW+HgAJ+mImp+Epl7BG8oNWBCTyRM8gba9k4lk8BgWdoYm21Mo/RYhhbgA==",
          "dev": true,
          "requires": {
            "tslib": "^1.9.0"
          }
        }
      }
    },
    "@angular-devkit/core": {
      "version": "9.0.4",
      "resolved": "https://registry.npmjs.org/@angular-devkit/core/-/core-9.0.4.tgz",
      "integrity": "sha512-7+/vDm+zh7wTJbBeSdTHGhE+TQj6JOriCPl8Pj8HZU1TtNLvIFR4vhClWavPvhb8xWSbndalvQyOWOsLmuDnEA==",
      "dev": true,
      "requires": {
        "ajv": "6.10.2",
        "fast-json-stable-stringify": "2.0.0",
        "magic-string": "0.25.4",
        "rxjs": "6.5.3",
        "source-map": "0.7.3"
      },
      "dependencies": {
        "rxjs": {
          "version": "6.5.3",
          "resolved": "https://registry.npmjs.org/rxjs/-/rxjs-6.5.3.tgz",
          "integrity": "sha512-wuYsAYYFdWTAnAaPoKGNhfpWwKZbJW+HgAJ+mImp+Epl7BG8oNWBCTyRM8gba9k4lk8BgWdoYm21Mo/RYhhbgA==",
          "dev": true,
          "requires": {
            "tslib": "^1.9.0"
          }
        },
        "source-map": {
          "version": "0.7.3",
          "resolved": "https://registry.npmjs.org/source-map/-/source-map-0.7.3.tgz",
          "integrity": "sha512-CkCj6giN3S+n9qrYiBTX5gystlENnRW5jZeNLHpe6aue+SrHcG5VYwujhW9s4dY31mEGsxBDrHR6oI69fTXsaQ==",
          "dev": true
        }
      }
    },
    "@angular-devkit/schematics": {
      "version": "9.0.4",
      "resolved": "https://registry.npmjs.org/@angular-devkit/schematics/-/schematics-9.0.4.tgz",
      "integrity": "sha512-D6M77r8J/rrK86RQ1kvumSYAnlbOKxDDcwsac4mPAHYyOOmueheecjpTVTqSVpNjkI6jHb6haOVFEGMiDMA/Jg=="