{
  "name": "doctorsgate-angular-eng-test",
  "version": "0.0.0",
  "lockfileVersion": 1,
  "requires": true,
  "dependencies": {
    "@angular-devkit/architect": {
      "version": "0.900.4",
      "resolved": "https://registry.npmjs.org/@angular-devkit/architect/-/architect-0.900.4.tgz",
      "integrity": "sha512-qbD7q+5lKgxpA+hGPfBLQRZukNO1Ok4YePevi7xt6pdfNatIqjxqYch7w/Ce0GvrOeimzSR1yC7STV5gjdoL3A==",
      "dev": true,
      "requires": {
        "@angular-devkit/core": "9.0.4",
        "rxjs": "6.5.3"
      },
      "dependencies": {
        "rxjs": {
          "version": "6.5.3",
          "resolved": "https://registry.npmjs.org/rxjs/-/rxjs-6.5.3.tgz",
          "integrity": "sha512-wuYsAYYFdWTAnAaPoKGNhfpWwKZbJW+HgAJ+mImp+Epl7BG8oNWBCTyRM8gba9k4lk8BgWdoYm21Mo/RYhhbgA==",
          "dev": true,
          "requires": {
            "tslib": "^1.9.0"
          }
        }
      }
    },
    "@angular-devkit/build-angular": {
      "version": "0.900.4",
      "resolved": "https://registry.npmjs.org/@angular-devkit/build-angular/-/build-angular-0.900.4.tgz",
      "integrity": "sha512-azv4/duUFMPIgpWuKeQvx+8fb5qUZes4EauBfzYGbZcF0ljN0xjnpQF5kIuDA5FcCTA+JUKfanocR0EXa0klXQ==",
      "dev": true,
      "requires": {
        "@angular-devkit/architect": "0.900.4",
        "@angular-devkit/build-optimizer": "0.900.4",
        "@angular-devkit/build-webpack": "0.900.4",
        "@angular-devkit/core": "9.0.4",
        "@babel/core": "7.7.7",
        "@babel/generator": "7.7.7",
        "@babel/preset-env": "7.7.7",
        "@ngtools/webpack": "9.0.4",
        "ajv": "6.10.2",