{
  "name": "doctorsgate-angular-eng-test",
  "version": "0.0.0",
  "lockfileVersion": 1,
  "requires": true,
  "dependencies": {
    "@angular-devkit/architect": {
      "version": "0.900.4",
      "resolved": "https://registry.npmjs.org/@angular-devkit/architect/-/architect-0.900.4.tgz",
      "integrity": "sha512-qbD7q+5lKgxpA+hGPfBLQRZukNO1Ok4YePevi7xt6pdfNatIqjxqYch7w/Ce0GvrOeimzSR1yC7STV5gjdoL3A==",
      "dev": true,
      "requires": {
        "@angular-devkit/core": "9.0.4",
        "rxjs": "6.5.3"
      },
      "dependencies": {
        "rxjs": {
          "version": "6.5.3",
          "resolved": "https://registry.npmjs.org/rxjs/-/rxjs-6.5.3.tgz",
          "integrity": "sha512-wuYsAYYFdWTAnAaPoKGNhfpWwKZbJW+HgAJ+mImp+Epl7BG8oNWBCTyRM8gba9k4lk8BgWdoYm21Mo/RYhhbgA==",
          "dev": true,
          "requires": {
            "tslib": "^1.9.0"
          }
        }
      }
    },
    "@angular-devkit/build-angular": {
      "version": "0.900.4",
      "resolved": "https://registry.npmjs.org/@angular-devkit/build-angular/-/build-angular-0.900.4.tgz",
      "integrity": "sha512-azv4/duUFMPIgpWuKeQvx+8fb5qUZes4EauBfzYGbZcF0ljN0xjnpQF5kIuDA5FcCTA+JUKfanocR0EXa0klXQ==",
      "dev": true,
      "requires": {
        "@angular-devkit/architect": "0.900.4",
        "@angular-devkit/build-optimizer": "0.900.4",
        "@angular-devkit/build-webpack": "0.900.4",
        "@angular-devkit/core": "9.0.4",
        "@babel/core": "7.7.7",
        "@babel/generator": "7.7.7",
        "@babel/preset-env": "7.7.7",
        "@ngtools/webpack": "9.0.4",
        "ajv": "6.10.2",
        "autoprefixer": "9.7.1",
        "babel-loader": "8.0.6",
        "browserslist": "4.8.3",
        "cacache": "13.0.1",
        "caniuse-lite": "1.0.30001020",
        "circular-dependency-plugin": "5.2.0",
        "copy-webpack-plugin": "5.1.1",
        "core-js": "3.6.4",
        "coverage-istanbul-loader": "2.0.3",
        "cssnano": "4.1.10",
        "file-loader": "4.2.0",
        "find-cache-dir": "3.0.0",
        "glob": "7.1.5",
        "jest-worker": "24.9.0",
        "karma-source-map-support": "1.4.0",
        "less": "3.10.3",
        "less-loader": "5.0.0",
        "license-webpack-plugin": "2.1.3",
        "loader-utils": "1.2.3",
        "magic-string": "0.25.4",
        "mini-css-extract-plugin": "0.8.0",
        "minimatch": "3.0.4",
        "open": "7.0.0",
        "parse5": "4.0.0",
        "postcss": "7.0.21",
        "postcss-import": "12.0.1",
        "postcss-loader": "3.0.0",
        "raw-loader": "3.1.0",
        "regenerator-runtime": "0.13.3",
        "rimraf": "3.0.0",
        "rollup": "1.25.2",
        "rxjs": "6.5.3",
        "sass": "1.23.3",
        "sass-loader": "8.0.0",
        "semver": "6.3.0",
        "source-map": "0.7.3",
        "source-map-loader": "0.2.4",
        "source-map-support": "0.5.16",
        "speed-measure-webpack-plugin": "1.3.1",
        "style-loader": "1.0.0",
        "stylus": "0.54.7",
        "stylus-loader": "3.0.2",
        "terser": "4.5.1",
        "terser-webpack-plugin": "2.3.3",
        "tree-kill": "1.2.2",
        "webpack": "4.41.2",
        "webpack-dev-middleware": "3.7.2",
        "webpack-dev-server": "3.9.0",
        "webpack-merge": "4.2.2",
        "webpack-sources": "1.4.3",
        "webpack-subresource-integrity": "1.3.4",
        "worker-plugin": "3.2.0"
      },
      "dependencies": {
        "@babel/generator": {
          "version": "7.7.7",
          "resolved": "https://registry.npmjs.org/@babel/generator/-/generator-7.7.7.tgz",
          "integrity": "sha512-/AOIBpHh/JU1l0ZFS4kiRCBnLi6OTHzh0RPk3h9isBxkkqELtQNFi1Vr/tiG9p1yfoUdKVwISuXWQR+hwwM4VQ==",
          "dev": true,
          "requires": {
            "@babel/types": "^7.7.4",
            "jsesc": "^2.5.1",
            "lodash": "^4.17.13",
            "source-map": "^0.5.0"
          },
          "dependencies": {
            "source-map": {
              "version": "0.5.7",
              "resolved": "https://registry.npmjs.org/source-map/-/source-map-0.5.7.tgz",
              "integrity": "sha1-igOdLRAh0i0eoUyA2OpGi6LvP8w=",
              "dev": true
            }
          }
        },
        "@babel/types": {
          "version": "7.8.6",
          "resolved": "https://registry.npmjs.org/@babel/types/-/types-7.8.6.tgz",
          "integrity": "sha512-wqz7pgWMIrht3gquyEFPVXeXCti72Rm8ep9b5tQKz9Yg9LzJA3HxosF1SB3Kc81KD1A3XBkkVYtJvCKS2Z/QrA==",
          "dev": true,
          "requires": {
            "esutils": "^2.0.2",
            "lodash": "^4.17.13",
            "to-fast-properties": "^2.0.0"
          }
        },
        "core-js": {
          "version": "3.6.4",
          "resolved": "https://registry.npmjs.org/core-js/-/core-js-3.6.4.tgz",
          "integrity": "sha512-4paDGScNgZP2IXXilaffL9X7968RuvwlkK3xWtZRVqgd8SYNiVKRJvkFd1aqqEuPfN7E68ZHEp9hDj6lHj4Hyw==",
          "dev": true
        },
        "glob": {
          "version": "7.1.5",
          "resolved": "https://registry.npmjs.org/glob/-/glob-7.1.5.tgz",
          "integrity": "sha512-J9dlskqUXK1OeTOYBEn5s8aMukWMwWfs+rPTn/jn50Ux4MNXVhubL1wu/j2t+H4NVI+cXEcCaYellqaPVGXNqQ==",
          "dev": true,
          "requires": {
            "fs.realpath": "^1.0.0",
            "inflight": "^1.0.4",
            "inherits": "2",
            "minimatch": "^3.0.4",
            "once": "^1.3.0",
            "path-is-absolute": "^1.0.0"
          }
        },
        "lodash": {
          "version": "4.17.15",
          "resolved": "https://registry.npmjs.org/lodash/-/lodash-4.17.15.tgz",
          "integrity": "sha512-8xOcRHvCjnocdS5cpwXQXVzmmh5e5+saE2QGoeQmbKmRS6J3VQppPOIt0MnmE+4xlZoumy0GPG0D0MVIQbNA1A==",
          "dev": true
        },
        "rimraf": {
          "version": "3.0.0",
          "resolved": "https://registry.npmjs.org/rimraf/-/rimraf-3.0.0.tgz",
          "integrity": "sha512-NDGVxTsjqfunkds7CqsOiEnxln4Bo7Nddl3XhS4pXg5OzwkLqJ971ZVAAnB+DDLnF76N+VnDEiBHaVV8I06SUg==",
          "dev": true,
          "requires": {
            "glob": "^7.1.3"
          }
        },
        "rxjs": {
          "version": "6.5.3",
          "resolved": "https://registry.npmjs.org/rxjs/-/rxjs-6.5.3.tgz",
          "integrity": "sha512-wuYsAYYFdWTAnAaPoKGNhfpWwKZbJW+HgAJ+mImp+Epl7BG8oNWBCTyRM8gba9k4lk8BgWdoYm21Mo/RYhhbgA==",
          "dev": true,
          "requires": {
            "tslib": "^1.9.0"
          }
        },
        "semver": {
          "version": "6.3.0",
          "resolved": "https://registry.npmjs.org/semver/-/semver-6.3.0.tgz",
          "integrity": "sha512-b39TBaTSfV6yBrapU89p5fKekE2m/NwnDocOVruQFS1/veMgdzuPcnOM34M6CwxW8jH/lxEa5rBoDeUwu5HHTw==",
          "dev": true
        },
        "source-map": {
          "version": "0.7.3",
          "resolved": "https://registry.npmjs.org/source-map/-/source-map-0.7.3.tgz",
          "integrity": "sha512-CkCj6giN3S+n9qrYiBTX5gystlENnRW5jZeNLHpe6aue+SrHcG5VYwujhW9s4dY31mEGsxBDrHR6oI69fTXsaQ==",
          "dev": true
        },
        "source-map-support": {
          "version": "0.5.16",
          "resolved": "https://registry.npmjs.org/source-map-support/-/source-map-support-0.5.16.tgz",
          "integrity": "sha512-efyLRJDr68D9hBBNIPWFjhpFzURh+KJykQwvMyW5UiZzYwoF6l4YMMDIJJEyFWxWCqfyxLzz6tSfUFR+kXXsVQ==",
          "dev": true,
          "requires": {
            "buffer-from": "^1.0.0",
            "source-map": "^0.6.0"
          },
          "dependencies": {
            "source-map": {
              "version": "0.6.1",
              "resolved": "https://registry.npmjs.org/source-map/-/source-map-0.6.1.tgz",
              "integrity": "sha512-UjgapumWlbMhkBgzT7Ykc5YXUT46F0iKu8SGXq0bcwP5dz/h0Plj6enJqjz1Zbq2l5WaqYnrVbwWOWMyF3F47g==",
              "dev": true
            }
          }
        }
      }
    },
    "@angular-devkit/build-optimizer": {
      "version": "0.900.4",
      "resolved": "https://registry.npmjs.org/@angular-devkit/build-optimizer/-/build-optimizer-0.900.4.tgz",
      "integrity": "sha512-GimgBezfUpEmpAqmhTC6bFTmyYtGycK7meJPrrfiAU8cvtUJOaHFt7AwcbFBS8ORdOeSHbOCrIVy9CAQwA3nXw==",
      "dev": true,
      "requires": {
        "loader-utils": "1.2.3",
        "source-map": "0.7.3",
        "tslib": "1.10.0",
        "typescript": "3.6.4",
        "webpack-sources": "1.4.3"
      },
      "dependencies": {
        "source-map": {
          "version": "0.7.3",
          "resolved": "https://registry.npmjs.org/source-map/-/source-map-0.7.3.tgz",
          "integrity": "sha512-CkCj6giN3S+n9qrYiBTX5gystlENnRW5jZeNLHpe6aue+SrHcG5VYwujhW9s4dY31mEGsxBDrHR6oI69fTXsaQ==",
          "dev": true
        },
        "tslib": {
          "version": "1.10.0",
          "resolved": "https://registry.npmjs.org/tslib/-/tslib-1.10.0.tgz",
          "integrity": "sha512-qOebF53frne81cf0S9B41ByenJ3/IuH8yJKngAX35CmiZySA0khhkovshKK+jGCaMnVomla7gVlIcc3EvKPbTQ==",
          "dev": true
        },
        "typescript": {
          "version": "3.6.4",
          "resolved": "https://registry.npmjs.org/typescript/-/typescript-3.6.4.tgz",
          "integrity": "sha512-unoCll1+l+YK4i4F8f22TaNVPRHcD9PA3yCuZ8g5e0qGqlVlJ/8FSateOLLSagn+Yg5+ZwuPkL8LFUc0Jcvksg==",
          "dev": true
        }
      }
    },
    "@angular-devkit/build-webpack": {
      "version": "0.900.4",
      "resolved": "https://registry.npmjs.org/@angular-devkit/build-webpack/-/build-webpack-0.900.4.tgz",
      "integrity": "sha512-eGWK7jl1XC6OW2LRmUoX/6yqYT6N2dF1BuBrymwRx9I3BzWr64YyDIy5m3GomQVrSWpQ1uDSCpuPX2xWlwpeLw==",
      "dev": true,
      "requires": {
        "@angular-devkit/architect": "0.900.4",
        "@angular-devkit/core": "9.0.4",
        "rxjs": "6.5.3"
      },
      "dependencies": {
        "rxjs": {
          "version": "6.5.3",
          "resolved": "https://registry.npmjs.org/rxjs/-/rxjs-6.5.3.tgz",
          "integrity": "sha512-wuYsAYYFdWTAnAaPoKGNhfpWwKZbJW+HgAJ+mImp+Epl7BG8oNWBCTyRM8gba9k4lk8BgWdoYm21Mo/RYhhbgA==",
          "dev": true,
          "requires": {
            "tslib": "^1.9.0"
          }
        }
      }
    },
    "@angular-devkit/core": {
      "version": "9.0.4",
      "resolved": "https://registry.npmjs.org/@angular-devkit/core/-/core-9.0.4.tgz",
      "integrity": "sha512-7+/vDm+zh7wTJbBeSdTHGhE+TQj6JOriCPl8Pj8HZU1TtNLvIFR4vhClWavPvhb8xWSbndalvQyOWOsLmuDnEA==",
      "dev": true,
      "requires": {
        "ajv": "6.10.2",
        "fast-json-stable-stringify": "2.0.0",
        "magic-string": "0.25.4",
        "rxjs": "6.5.3",
        "source-map": "0.7.3"
      },
      "dependencies": {
        "rxjs": {
          "version": "6.5.3",
          "resolved": "https://registry.npmjs.org/rxjs/-/rxjs-6.5.3.tgz",
          "integrity": "sha512-wuYsAYYFdWTAnAaPoKGNhfpWwKZbJW+HgAJ+mImp+Epl7BG8oNWBCTyRM8gba9k4lk8BgWdoYm21Mo/RYhhbgA==",
          "dev": true,
          "requires": {
            "tslib": "^1.9.0"
          }
        },
        "source-map": {
          "version": "0.7.3",
          "resolved": "https://registry.npmjs.org/source-map/-/source-map-0.7.3.tgz",
          "integrity": "sha512-CkCj6giN3S+n9qrYiBTX5gystlENnRW5jZeNLHpe6aue+SrHcG5VYwujhW9s4dY31mEGsxBDrHR6oI69fTXsaQ==",
          "dev": true
        }
      }
    },
    "@angular-devkit/schematics": {
      "version": "9.0.4",
      "resolved": "https://registry.npmjs.org/@angular-devkit/schematics/-/schematics-9.0.4.tgz",
      "integrity": "sha512-D6M77r8J/rrK86RQ1kvumSYAnlbOKxDDcwsac4mPAHYyOOmueheecjpTVTqSVpNjkI6jHb6haOVFEGMiDMA/Jg==",
      "dev": true,
      "requires": {
        "@angular-devkit/core": "9.0.4",
        "ora": "4.0.2",
        "rxjs": "6.5.3"
      },
      "dependencies": {
        "rxjs": {
          "version": "6.5.3",
          "resolved": "https://registry.npmjs.org/rxjs/-/rxjs-6.5.3.tgz",
          "integrity": "sha512-wuYsAYYFdWTAnAaPoKGNhfpWwKZbJW+HgAJ+mImp+Epl7BG8oNWBCTyRM8gba9k4lk8BgWdoYm21Mo/RYhhbgA==",
          "dev": true,
          "requires": {
            "tslib": "^1.9.0"
          }
        }
      }
    },
    "@angular/animations": {
      "version": "9.0.4",
      "resolved": "https://registry.npmjs.org/@angular/animations/-/animations-9.0.4.tgz",
      "integrity": "sha512-zTCgrIAA9FYPMbqqpQnoNltiLR58q0FMfzP2t96q/1tjyVy/Y/IaNgVQ7eL0HeQ0nG6IAzQ1HVx8Xeneg4Yj5Q=="
    },
    "@angular/cdk": {
      "version": "9.1.0",
      "resolved": "https://registry.npmjs.org/@angular/cdk/-/cdk-9.1.0.tgz",
      "integrity": "sha512-qKpAudJx9z0MD+ADptS0OZViJBTA49+JCKym0hPQUkcB9Po4Al6gu6oZ1VSXV5Ln3T84z9aAw/AhUGP/YCFNSQ==",
      "requires": {
        "parse5": "^5.0.0"
      },
      "dependencies": {
        "parse5": {
          "version": "5.1.1",
          "resolved": "https://registry.npmjs.org/parse5/-/parse5-5.1.1.tgz",
          "integrity": "sha512-ugq4DFI0Ptb+WWjAdOK16+u/nHfiIrcE+sh8kZMaM0WllQKLI9rOUq6c2b7cwPkXdzfQESqvoqK6ug7U/Yyzug==",
          "optional": true
        }
      }
    },
    "@angular/cli": {
      "version": "9.0.4",
      "resolved": "https://registry.npmjs.org/@angular/cli/-/cli-9.0.4.tgz",
      "integrity": "sha512-s+fJlHdyT29LGIt/54VN5sKMsN2RJh0Np9jk0/HChxJN/0KR3IDExVahl8KpJfyVSssCYImQckVP3NyprRWeeA==",
      "dev": true,
      "requires": {
        "@angular-devkit/architect": "0.900.4",
        "@angular-devkit/core": "9.0.4",
        "@angular-devkit/schematics": "9.0.4",
        "@schematics/angular": "9.0.4",
        "@schematics/update": "0.900.4",
        "@yarnpkg/lockfile": "1.1.0",
        "ansi-colors": "4.1.1",
        "debug": "^4.1.1",
        "ini": "1.3.5",
        "inquirer": "7.0.0",
        "npm-package-arg": "6.1.1",
        "npm-pick-manifest": "3.0.2",
        "open": "7.0.0",
        "pacote": "9.5.8",
        "read-package-tree": "5.3.1",
        "rimraf": "3.0.0",
        "semver": "6.3.0",
        "symbol-observable": "1.2.0",
        "universal-analytics": "^0.4.20",
        "uuid": "^3.3.2"
      },
      "dependencies": {
        "ansi-colors": {
          "version": "4.1.1",
          "resolved": "https://registry.npmjs.org/ansi-colors/-/ansi-colors-4.1.1.tgz",
          "integrity": "sha512-JoX0apGbHaUJBNl6yF+p6JAFYZ666/hhCGKN5t9QFjbJQKUU/g8MNbFDbvfrgKXvI1QpZplPOnwIo99lX/AAmA==",
          "dev": true
        },
        "debug": {
          "version": "4.1.1",
          "resolved": "https://registry.npmjs.org/debug/-/debug-4.1.1.tgz",
          "integrity": "sha512-pYAIzeRo8J6KPEaJ0VWOh5Pzkbw/RetuzehGM7QRRX5he4fPHx2rdKMB256ehJCkX+XRQm16eZLqLNS8RSZXZw==",
          "dev": true,
          "requires": {
            "ms": "^2.1.1"
          }
        },
        "ms": {
          "version": "2.1.2",
          "resolved": "https://registry.npmjs.org/ms/-/ms-2.1.2.tgz",
          "integrity": "sha512-sGkPx+VjMtmA6MX27oA4FBFELFCZZ4S4XqeGOXCv68tT+jb3vk/RyaKWP0PTKyWtmLSM0b+adUTEvbs1PEaH2w==",
          "dev": true
        },
        "rimraf": {
          "version": "3.0.0",
          "resolved": "https://registry.npmjs.org/rimraf/-/rimraf-3.0.0.tgz",
          "integrity": "sha512-NDGVxTsjqfunkds7CqsOiEnxln4Bo7Nddl3XhS4pXg5OzwkLqJ971ZVAAnB+DDLnF76N+VnDEiBHaVV8I06SUg==",
          "dev": true,
          "requires": {
            "glob": "^7.1.3"
          }
        },
        "semver": {
          "version": "6.3.0",
          "resolved": "https://registry.npmjs.org/semver/-/semver-6.3.0.tgz",
          "integrity": "sha512-b39TBaTSfV6yBrapU89p5fKekE2m/NwnDocOVruQFS1/veMgdzuPcnOM34M6CwxW8jH/lxEa5rBoDeUwu5HHTw==",
          "dev": true
        }
      }
    },
    "@angular/common": {
      "version": "9.0.4",
      "resolved": "https://registry.npmjs.org/@angular/common/-/common-9.0.4.tgz",
      "integrity": "sha512-F3qoYrceEdCd5SlgObcbSIIdKfRXgyTBO2gbbArQHFe4GvewkH3isTn5uqAF6sfJlb7rXWZGrD6C3d9brw/fEw=="
    },
    "@angular/compiler": {
      "version": "9.0.4",
      "resolved": "https://registry.npmjs.org/@angular/compiler/-/compiler-9.0.4.tgz",
      "integrity": "sha512-+Ku8RUU00yHaKVkVw6YIfM3c5Gmvas5gJcEleiagkLbc1f/jKk1cY4gaUP6xn4TLypFM7NQglneWd+E+8wh0hQ=="
    },
    "@angular/compiler-cli": {
      "version": "9.0.4",
      "resolved": "https://registry.npmjs.org/@angular/compiler-cli/-/compiler-cli-9.0.4.tgz",
      "integrity": "sha512-fcln3gJCV88r1CoCASIathOd7kpLJ1c8l4t6P1CQG/MCocxMvVa8bI5LRKTcQ5VTnR46Ne9+5HegIRPk7EePBQ==",
      "dev": true,
      "requires": {
        "canonical-path": "1.0.0",
        "chokidar": "^3.0.0",
        "convert-source-map": "^1.5.1",
        "dependency-graph": "^0.7.2",
        "fs-extra": "4.0.2",
        "magic-string": "^0.25.0",
        "minimist": "^1.2.0",
        "reflect-metadata": "^0.1.2",
        "semver": "^6.3.0",
        "source-map": "^0.6.1",
        "sourcemap-codec": "^1.4.8",
        "yargs": "13.1.0"
      },
      "dependencies": {
        "ansi-regex": {
          "version": "4.1.0",
          "resolved": "https://registry.npmjs.org/ansi-regex/-/ansi-regex-4.1.0.tgz",
          "integrity": "sha512-1apePfXM1UOSqw0o9IiFAovVz9M5S1Dg+4TrDwfMewQ6p/rmMueb7tWZjQ1rx4Loy1ArBggoqGpfqqdI4rondg==",
          "dev": true
        },
        "anymatch": {
          "version": "3.1.1",
          "resolved": "https://registry.npmjs.org/anymatch/-/anymatch-3.1.1.tgz",
          "integrity": "sha512-mM8522psRCqzV+6LhomX5wgp25YVibjh8Wj23I5RPkPppSVSjyKD2A2mBJmWGa+KN7f2D6LNh9jkBCeyLktzjg==",
          "dev": true,
          "requires": {
            "normalize-path": "^3.0.0",
            "picomatch": "^2.0.4"
          }
        },
        "binary-extensions": {
          "version": "2.0.0",
          "resolved": "https://registry.npmjs.org/binary-extensions/-/binary-extensions-2.0.0.tgz",
          "integrity": "sha512-Phlt0plgpIIBOGTT/ehfFnbNlfsDEiqmzE2KRXoX1bLIlir4X/MR+zSyBEkL05ffWgnRSf/DXv+WrUAVr93/ow==",
          "dev": true
        },
        "braces": {
          "version": "3.0.2",
          "resolved": "https://registry.npmjs.org/braces/-/braces-3.0.2.tgz",
          "integrity": "sha512-b8um+L1RzM3WDSzvhm6gIz1yfTbBt6YTlcEKAvsmqCZZFw46z626lVj9j1yEPW33H5H+lBQpZMP1k8l+78Ha0A==",
          "dev": true,
          "requires": {
            "fill-range": "^7.0.1"
          }
        },
        "chokidar": {
          "version": "3.3.1",
          "resolved": "https://registry.npmjs.org/chokidar/-/chokidar-3.3.1.tgz",
          "integrity": "sha512-4QYCEWOcK3OJrxwvyyAOxFuhpvOVCYkr33LPfFNBjAD/w3sEzWsp2BUOkI4l9bHvWioAd0rc6NlHUOEaWkTeqg==",
          "dev": true,
          "requires": {
            "anymatch": "~3.1.1",
            "braces": "~3.0.2",
            "fsevents": "~2.1.2",
            "glob-parent": "~5.1.0",
            "is-binary-path": "~2.1.0",
            "is-glob": "~4.0.1",
            "normalize-path": "~3.0.0",
            "readdirp": "~3.3.0"
          }
        },
        "emoji-regex": {
          "version": "7.0.3",
          "resolved": "https://registry.npmjs.org/emoji-regex/-/emoji-regex-7.0.3.tgz",
          "integrity": "sha512-CwBLREIQ7LvYFB0WyRvwhq5N5qPhc6PMjD6bYggFlI5YyDgl+0vxq5VHbMOFqLg7hfWzmu8T5Z1QofhmTIhItA==",
          "dev": true
        },
        "fill-range": {
          "version": "7.0.1",
          "resolved": "https://registry.npmjs.org/fill-range/-/fill-range-7.0.1.tgz",
          "integrity": "sha512-qOo9F+dMUmC2Lcb4BbVvnKJxTPjCm+RRpe4gDuGrzkL7mEVl/djYSu2OdQ2Pa302N4oqkSg9ir6jaLWJ2USVpQ==",
          "dev": true,
          "requires": {
            "to-regex-range": "^5.0.1"
          }
        },
        "fsevents": {
          "version": "2.1.2",
          "resolved": "https://registry.npmjs.org/fsevents/-/fsevents-2.1.2.tgz",
          "integrity": "sha512-R4wDiBwZ0KzpgOWetKDug1FZcYhqYnUYKtfZYt4mD5SBz76q0KR4Q9o7GIPamsVPGmW3EYPPJ0dOOjvx32ldZA==",
          "dev": true,
          "optional": true
        },
        "get-caller-file": {
          "version": "2.0.5",
          "resolved": "https://registry.npmjs.org/get-caller-file/-/get-caller-file-2.0.5.tgz",
          "integrity": "sha512-DyFP3BM/3YHTQOCUL/w0OZHR0lpKeGrxotcHWcqNEdnltqFwXVfhEBQ94eIo34AfQpo0rGki4cyIiftY06h2Fg==",
          "dev": true
        },
        "glob-parent": {
          "version": "5.1.0",
          "resolved": "https://registry.npmjs.org/glob-parent/-/glob-parent-5.1.0.tgz",
          "integrity": "sha512-qjtRgnIVmOfnKUE3NJAQEdk+lKrxfw8t5ke7SXtfMTHcjsBfOfWXCQfdb30zfDoZQ2IRSIiidmjtbHZPZ++Ihw==",
          "dev": true,
          "requires": {
            "is-glob": "^4.0.1"
          }
        },
        "is-binary-path": {
          "version": "2.1.0",
          "resolved": "https://registry.npmjs.org/is-binary-path/-/is-binary-path-2.1.0.tgz",
          "integrity": "sha512-ZMERYes6pDydyuGidse7OsHxtbI7WVeUEozgR/g7rd0xUimYNlvZRE/K2MgZTjWy725IfelLeVcEM97mmtRGXw==",
          "dev": true,
          "requires": {
            "binary-extensions": "^2.0.0"
          }
        },
        "is-glob": {
          "version": "4.0.1",
          "resolved": "https://registry.npmjs.org/is-glob/-/is-glob-4.0.1.tgz",
          "integrity": "sha512-5G0tKtBTFImOqDnLB2hG6Bp2qcKEFduo4tZu9MT/H6NQv/ghhy30o55ufafxJ/LdH79LLs2Kfrn85TLKyA7BUg==",
          "dev": true,
          "requires": {
            "is-extglob": "^2.1.1"
          }
        },
        "is-number": {
          "version": "7.0.0",
          "resolved": "https://registry.npmjs.org/is-number/-/is-number-7.0.0.tgz",
          "integrity": "sha512-41Cifkg6e8TylSpdtTpeLVMqvSBEVzTttHvERD741+pnZ8ANv0004MRL43QKPDlK9cGvNp6NZWZUBlbGXYxxng==",
          "dev": true
        },
        "minimist": {
          "version": "1.2.0",
          "resolved": "http://registry.npmjs.org/minimist/-/minimist-1.2.0.tgz",
          "integrity": "sha1-o1AIsg9BOD7sH7kU9M1d95omQoQ=",
          "dev": true
        },
        "normalize-path": {
          "version": "3.0.0",
          "resolved": "https://registry.npmjs.org/normalize-path/-/normalize-path-3.0.0.tgz",
          "integrity": "sha512-6eZs5Ls3WtCisHWp9S2GUy8dqkpGi4BVSz3GaqiE6ezub0512ESztXUwUB6C6IKbQkY2Pnb/mD4WYojCRwcwLA==",
          "dev": true
        },
        "readdirp": {
          "version": "3.3.0",
          "resolved": "https://registry.npmjs.org/readdirp/-/readdirp-3.3.0.tgz",
          "integrity": "sha512-zz0pAkSPOXXm1viEwygWIPSPkcBYjW1xU5j/JBh5t9bGCJwa6f9+BJa6VaB2g+b55yVrmXzqkyLf4xaWYM0IkQ==",
          "dev": true,
          "requires": {
            "picomatch": "^2.0.7"
          }
        },
        "require-main-filename": {
          "version": "2.0.0",
          "resolved": "https://registry.npmjs.org/require-main-filename/-/require-main-filename-2.0.0.tgz",
          "integrity": "sha512-NKN5kMDylKuldxYLSUfrbo5Tuzh4hd+2E8NPPX02mZtn1VuREQToYe/ZdlJy+J3uCpfaiGF05e7B8W0iXbQHmg==",
          "dev": true
        },
        "semver": {
          "version": "6.3.0",
          "resolved": "https://registry.npmjs.org/semver/-/semver-6.3.0.tgz",
          "integrity": "sha512-b39TBaTSfV6yBrapU89p5fKekE2m/NwnDocOVruQFS1/veMgdzuPcnOM34M6CwxW8jH/lxEa5rBoDeUwu5HHTw==",
          "dev": true
        },
        "source-map": {
          "version": "0.6.1",
          "resolved": "https://registry.npmjs.org/source-map/-/source-map-0.6.1.tgz",
          "integrity": "sha512-UjgapumWlbMhkBgzT7Ykc5YXUT46F0iKu8SGXq0bcwP5dz/h0Plj6enJqjz1Zbq2l5WaqYnrVbwWOWMyF3F47g==",
          "dev": true
        },
        "string-width": {
          "version": "3.1.0",
          "resolved": "https://registry.npmjs.org/string-width/-/string-width-3.1.0.tgz",
          "integrity": "sha512-vafcv6KjVZKSgz06oM/H6GDBrAtz8vdhQakGjFIvNrHA6y3HCF1CInLy+QLq8dTJPQ1b+KDUqDFctkdRW44e1w==",
          "dev": true,
          "requires": {
            "emoji-regex": "^7.0.1",
            "is-fullwidth-code-point": "^2.0.0",
            "strip-ansi": "^5.1.0"
          }
        },
        "strip-ansi": {
          "version": "5.2.0",
          "resolved": "https://registry.npmjs.org/strip-ansi/-/strip-ansi-5.2.0.tgz",
          "integrity": "sha512-DuRs1gKbBqsMKIZlrffwlug8MHkcnpjs5VPmL1PAh+mA30U0DTotfDZ0d2UUsXpPmPmMMJ6W773MaA3J+lbiWA==",
          "dev": true,
          "requires": {
            "ansi-regex": "^4.1.0"
          }
        },
        "to-regex-range": {
          "version": "5.0.1",
          "resolved": "https://registry.npmjs.org/to-regex-range/-/to-regex-range-5.0.1.tgz",
          "integrity":